
Microsoft Visual Studio Solution File, Format Version 12.00
# Visual Studio Version 17
VisualStudioVersion = 17.3.32819.101
MinimumVisualStudioVersion = 10.0.40219.1
Project("{FAE04EC0-301F-11D3-BF4B-00C04F79EFBC}") = "PakMerger", "PakMerger.csproj", "{23649C6F-054A-4F5B-8525-ACB0A7DCBA43}"
EndProject
Global
	GlobalSection(SolutionConfigurationPlatforms) = preSolution
		Debug|Any CPU = Debug|Any CPU
		Release|Any CPU = Release|Any CPU
	EndGlobalSection
	GlobalSection(ProjectConfigurationPlatforms) = postSolution
		{23649C6F-054A-4F5B-8525-ACB0A7DCBA43}.Debug|Any CPU.ActiveCfg = Debug|Any CPU
		{23649C6F-054A-4F5B-8525-ACB0A7DCBA43}.Debug|Any CPU.Build.0 = Debug|Any CPU
		{23649C6F-054A-4F5B-8525-ACB0A7DCBA43}.Release|Any CPU.ActiveCfg = Release|Any CPU
		{23649C6F-054A-4F5B-8525-ACB0A7DCBA43}.Release|Any CPU.Build.0 = Release|Any CPU
	EndGlobalSection
	GlobalSection(SolutionProperties) = preSolution
		HideSolutionNode = FALSE
	EndGlobalSection
	GlobalSection(ExtensibilityGlobals) = postSolution
		SolutionGuid = {073D35B9-58F7-4349-9E49-FD9FE777410C}
	EndGlobalSection
EndGlobal
